// !$*UTF8*$!
{
	archiveVersion = 1;
	classes = {
	};
	objectVersion = 50;
	objects = {

/* Begin PBXBuildFile section */
		05CAE9C824F6D450006AC322 /* AppDelegate.swift in Sources */ = {isa = PBXBuildFile; fileRef = 05CAE9C724F6D450006AC322 /* AppDelegate.swift */; };
		05CAE9CA24F6D450006AC322 /* SceneDelegate.swift in Sources */ = {isa = PBXBuildFile; fileRef = 05CAE9C924F6D450006AC322 /* SceneDelegate.swift */; };
		05CAE9CC24F6D450006AC322 /* ViewController.swift in Sources */ = {isa = PBXBuildFile; fileRef = 05CAE9CB24F6D450006AC322 /* ViewController.swift */; };
		05CAE9CF24F6D450006AC322 /* Main.storyboard in Resources */ = {isa = PBXBuildFile; fileRef = 05CAE9CD24F6D450006AC322 /* Main.storyboard */; };
		05CAE9D124F6D452006AC322 /* Assets.xcassets in Resources */ = {isa = PBXBuildFile; fileRef = 05CAE9D024F6D452006AC322 /* Assets.xcassets */; };
		05CAE9D424F6D452006AC322 /* LaunchScreen.storyboard in Resources */ = {isa = PBXBuildFile; fileRef = 05CAE9D224F6D452006AC322 /* LaunchScreen.storyboard */; };
/* End PBXBuildFile section */

/* Begin PBXFileReference section */
		05CAE9C424F6D450006AC322 /* Traditional Calculator.app */ = {isa = PBXFileReference; explicitFileType = wrapper.application; includeInIndex = 0; path = "Traditional Calculator.app"; sourceTree = BUILT_PRODUCTS_DIR; };
		05CAE9C724F6D450006AC322 /* AppDelegate.swift */ = {isa = PBXFileReference; lastKnownFileType = sourcecode.swift; path = AppDelegate.swift; sourceTree = "<group>"; };
		05CAE9C924F6D450006AC322 /* SceneDelegate.swift */ = {isa = PBXFileReference; lastKnownFileType = sourcecode.swift; path = SceneDelegate.swift; sourceTree = "<group>"; };
		05CAE9CB24F6D450006AC322 /* ViewController.swift */ = {isa = PBXFileReference; lastKnownFileType = sourcecode.swift; path = ViewController.swift; sourceTree = "<group>"; };
		05CAE9CE24F6D450006AC322 /* Base */ = {isa = PBXFileReference; lastKnownFileType = file.storyboard; name = Base; path = Base.lproj/Main.storyboard; sourceTree = "<group>"; };
		05CAE9D024F6D452006AC322 /* Assets.xcassets */ = {isa = PBXFileReference; lastKnownFileType = folder.assetcatalog; path = Assets.xcassets; sourceTree = "<group>"; };
		05CAE9D324F6D452006AC322 /* Base */ = {isa = PBXFileReference; lastKnownFileType = file.storyboard; name = Base; path = Base.lproj/LaunchScreen.storyboard; sourceTree = "<group>"; };
		05CAE9D524F6D452006AC322 /* Info.plist */ = {isa = PBXFileReference; lastKnownFileType = text.plist.xml; path = Info.plist; sourceTree = "<group>"; };
/* End PBXFileReference section */

/* Begin PBXFrameworksBuildPhase section */
		05CAE9C124F6D450006AC322 /* Frameworks */ = {
			isa = PBXFrameworksBuildPhase;
			buildActionMask = 2147483647;
			files = (
			);
			runOnlyForDeploymentPostprocessing = 0;
		};
/* End PBXFrameworksBuildPhase section */

/* Begin PBXGroup section */
		05CAE9BB24F6D450006AC322 = {
			isa = PBXGroup;
			children = (
				05CAE9C624F6D450006AC322 /* Traditional Calculator */,
				05CAE9C524F6D450006AC322 /* Products */,
			);
			sourceTree = "<group>";
		};
		05CAE9C524F6D450006AC322 /* Products */ = {
			isa = PBXGroup;
			children = (
				05CAE9C424F6D450006AC322 /* Traditional Calculator.app */,
			);
			name = Products;
			sourceTree = "<group>";
		};
		05CAE9C624F6D450006AC322 /* Traditional Calculator */ = {
			isa = PBXGroup;
			children = (
				05CAE9C724F6D450006AC322 /* AppDelegate.swift */,
				05CAE9C924F6D450006AC322 /* SceneDelegate.swift */,
				05CAE9CB24F6D450006AC322 /* ViewController.swift */,
				05CAE9CD24F6D450006AC322 /* Main.storyboard */,
				05CAE9D024F6D452006AC322 /* Assets.xcassets */,
				05CAE9D224F6D452006AC322 /* LaunchScreen.storyboard */,
				05CAE9D524F6D452006AC322 /* Info.plist */,
			);
			path = "Traditional Calculator";
			sourceTree = "<group>";
		};
/* End PBXGroup section */

/* Begin PBXNativeTarget section */
		05CAE9C324F6D450006AC322 /* Traditional Calculator */ = {
			isa = PBXNativeTarget;
			buildConfigurationList = 05CAE9D824F6D452006AC322 /* Build configuration list for PBXNativeTarget "Traditional Calculator" */;
			buildPhases = (
				05CAE9C024F6D450006AC322 /* Sources */,
				05CAE9C124F6D450006AC322 /* Frameworks */,
				05CAE9C224F6D450006AC322 /* Resources */,
			);
			buildRules = (
			);
			dependencies = (
			);
			name = "Traditional Calculator";
			productName = "Traditional Calculator";
			productReference = 05CAE9C424F6D450006AC322 /* Traditional Calculator.app */;
			productType = "com.apple.product-type.application";
		};
/* End PBXNativeTarget section */

/* Begin PBXProject section */
		05CAE9BC24F6D450006AC322 /* Project object */ = {
			isa = PBXProject;
			attributes = {
				LastSwiftUpdateCheck = 1160;
				LastUpgradeCheck = 1160;
				ORGANIZATIONNAME = "Deven Jadhav";
				TargetAttributes = {
					05CAE9C324F6D450006AC322 = {
						CreatedOnToolsVersion = 11.6;
					};
				};
			};
			buildConfigurationList = 05CAE9BF24F6D450006AC322 /* Build configuration list for PBXProject "Traditional Calculator" */;
			compatibilityVersion = "Xcode 9.3";
			developmentRegion = en;
			hasScannedForEncodings = 0;
			knownRegions = (
				en,
				Base,
			);
			mainGroup = 05CAE9BB24F6D450006AC322;
			productRefGroup = 05CAE9C524F6D450006AC322 /* Products */;
			projectDirPath = "";
			projectRoot = "";
			targets = (
				05CAE9C324F6D450006AC322 /* Traditional Calculator */,
			);
		};
/* End PBXProject section */

/* Begin PBXResourcesBuildPhase section */
		05CAE9C224F6D450006AC322 /* Resources */ = {
			isa = PBXResourcesBuildPhase;
			buildActionMask = 2147483647;
			files = (
				05CAE9D424F6D452006AC322 /* LaunchScreen.storyboard in Resources */,
				05CAE9D124F6D452006AC322 /* Assets.xcassets in Resources */,
				05CAE9CF24F6D450006AC322 /* Main.storyboard in Resources */,
			);
			runOnlyForDeploymentPostprocessing = 0;
		};
/* End PBXResourcesBuildPhase section */

/* Begin PBXSourcesBuildPhase section */
		05CAE9C024F6D450006AC322 /* Sources */ = {
			isa = PBXSourcesBuildPhase;
			buildActionMask = 2147483647;
			files = (
				05CAE9CC24F6D450006AC322 /* ViewController.swift in Sources */,
				05CAE9C824F6D450006AC322 /* AppDelegate.swift in Sources */,
				05CAE9CA24F6D450006AC322 /* SceneDelegate.swift in Sources */,
			);
			runOnlyForDeploymentPostprocessing = 0;
		};
/* End PBXSourcesBuildPhase section */

/* Begin PBXVariantGroup section */
		05CAE9CD24F6D450006AC322 /* Main.storyboard */ = {
			isa = PBXVariantGroup;
			children = (
				05CAE9CE24F6D450006AC322 /* Base */,
			);
			name = Main.storyboard;
			sourceTree = "<group>";
		};
		05CAE9D224F6D452006AC322 /* LaunchScreen.storyboard */ = {
			isa = PBXVariantGroup;
			children = (
				05CAE9D324F6D452006AC322 /* Base */,
			);
			name = LaunchScreen.storyboard;
			sourceTree = "<group>";
		};
/* End PBXVariantGroup section */

/* Begin XCBuildConfiguration section */
		05CAE9D624F6D452006AC322 /* Debug */ = {
			isa = XCBuildConfiguration;
			buildSettings = {
				ALWAYS_SEARCH_USER_PATHS = NO;
				CLANG_ANALYZER_NONNULL = YES;
				CLANG_ANALYZER_NUMBER_OBJECT_CONVERSION = YES_AGGRESSIVE;
				CLANG_CXX_LANGUAGE_STANDARD = "gnu++14";
				CLANG_CXX_LIBRARY = "libc++";
				CLANG_ENABLE_MODULES = YES;
				CLANG_ENABLE_OBJC_ARC = YES;
				CLANG_ENABLE_OBJC_WEAK = YES;
				CLANG_WARN_BLOCK_CAPTURE_AUTORELEASING = YES;
				CLANG_WARN_BOOL_CONVERSION = YES;
				CLANG_WARN_COMMA = YES;
				CLANG_WARN_CONSTANT_CONVERSION = YES;
				CLANG_WARN_DEPRECATED_OBJC_IMPLEMENTATIONS = YES;
				CLANG_WARN_DIRECT_OBJC_ISA_USAGE = YES_ERROR;
				CLANG_WARN_DOCUMENTATION_COMMENTS = YES;
				CLANG_WARN_EMPTY_BODY = YES;
				CLANG_WARN_ENUM_CONVERSION = YES;
				CLANG_WARN_INFINITE_RECURSION = YES;
				CLANG_WARN_INT_CONVERSION = YES;
				CLANG_WARN_NON_LITERAL_NULL_CONVERSION = YES;
				CLANG_WARN_OBJC_IMPLICIT_RETAIN_SELF = YES;
				CLANG_WARN_OBJC_LITERAL_CONVERSION = YES;
				CLANG_WARN_OBJC_ROOT_CLASS = YES_ERROR;
				CLANG_WARN_RANGE_LOOP_ANALYSIS = YES;
				CLANG_WARN_STRICT_PROTOTYPES = YES;
				CLANG_WARN_SUSPICIOUS_MOVE = YES;
				CLANG_WARN_UNGUARDED_AVAILABILITY = YES_AGGRESSIVE;
				CLANG_WARN_UNREACHABLE_CODE = YES;
				CLANG_WARN__DUPLICATE_METHOD_MATCH = YES;
				COPY_PHASE_STRIP = NO;
				DEBUG_INFORMATION_FORMAT = dwarf;
				ENABLE_STRICT_OBJC_MSGSEND = YES;
				ENABLE_TESTABILITY = YES;
				GCC_C_LANGUAGE_STANDARD = gnu11;
				GCC_DYNAMIC_NO_PIC = NO;
				GCC_NO_COMMON_BLOCKS = YES;
				GCC_OPTIMIZATION_LEVEL = 0;
				GCC_PREPROCESSOR_DEFINITIONS = (
					"DEBUG=1",
					"$(inherited)",
				);
				GCC_WARN_64_TO_32_BIT_CONVERSION = YES;
				GCC_WARN_ABOUT_RETURN_TYPE = YES_ERROR;
				GCC_WARN_UNDECLARED_SELECTOR = YES;
				GCC_WARN_UNINITIALIZED_AUTOS = YES_AGGRESSIVE;
				GCC_WARN_UNUSED_FUNCTION = YES;
				GCC_WARN_UNUSED_VARIABLE = YES;
				IPHONEOS_DEPLOYMENT_TARGET = 13.6;
				MTL_ENABLE_DEBUG_INFO = INCLUDE_SOURCE;
				MTL_FAST_MATH = YES;
				ONLY_ACTIVE_ARCH = YES;
				SDKROOT = iphoneos;
				SWIFT_ACTIVE_COMPILATION_CONDITIONS = DEBUG;
				SWIFT_OPTIMIZATION_LEVEL = "-Onone";
			};
			name = Debug;
		};
		05CAE9D724F6D452006AC322 /* Release */ = {
			isa = XCBuildConfiguration;
			buildSettings = {
				ALWAYS_SEARCH_USER_PATHS = NO;
				CLANG_ANALYZER_NONNULL = YES;
				CLANG_ANALYZER_NUMBER_OBJECT_CONVERSION = YES_AGGRESSIVE;
				CLANG_CXX_LANGUAGE_STANDARD = "gnu++14";
				CLANG_CXX_LIBRARY = "libc++";
				CLANG_ENABLE_MODULES = YES;
				CLANG_ENABLE_OBJC_ARC = YES;
				CLANG_ENABLE_OBJC_WEAK = YES;
				CLANG_WARN_BLOCK_CAPTURE_AUTORELEASING = YES;
				CLANG_WARN_BOOL_CONVERSION = YES;
				CLANG_WARN_COMMA = YES;
				CLANG_WARN_CONSTANT_CONVERSION = YES;
				CLANG_WARN_DEPRECATED_OBJC_IMPLEMENTATIONS = YES;
				CLANG_WARN_DIRECT_OBJC_ISA_USAGE = YES_ERROR;
				CLANG_WARN_DOCUMENTATION_COMMENTS = YES;
				CLANG_WARN_EMPTY_BODY = YES;
				CLANG_WARN_ENUM_CONVERSION = YES;
				CLANG_WARN_INFINITE_RECURSION = YES;
				CLANG_WARN_INT_CONVERSION = YES;
				CLANG_WARN_NON_LITERAL_NULL_CONVERSION = YES;
				CLANG_WARN_OBJC_IMPLICIT_RETAIN_SELF = YES;
				CLANG_WARN_OBJC_LITERAL_CONVERSION = YES;
				CLANG_WARN_OBJC_ROOT_CLASS = YES_ERROR;
				CLANG_WARN_RANGE_LOOP_ANALYSIS = YES;
				CLANG_WARN_STRICT_PROTOTYPES = YES;
				CLANG_WARN_SUSPICIOUS_MOVE = YES;
				CLANG_WARN_UNGUARDED_AVAILABILITY = YES_AGGRESSIVE;
				CLANG_WARN_UNREACHABLE_CODE = YES;
				CLANG_WARN__DUPLICATE_METHOD_MATCH = YES;
				COPY_PHASE_STRIP = NO;
				DEBUG_INFORMATION_FORMAT = "dwarf-with-dsym";
				ENABLE_NS_ASSERTIONS = NO;
				ENABLE_STRICT_OBJC_MSGSEND = YES;
				GCC_C_LANGUAGE_STANDARD = gnu11;
				GCC_NO_COMMON_BLOCKS = YES;
				GCC_WARN_64_TO_32_BIT_CONVERSION = YES;
				GCC_WARN_ABOUT_RETURN_TYPE = YES_ERROR;
				GCC_WARN_UNDECLARED_SELECTOR = YES;
				GCC_WARN_UNINITIALIZED_AUTOS = YES_AGGRESSIVE;
				GCC_WARN_UNUSED_FUNCTION = YES;
				GCC_WARN_UNUSED_VARIABLE = YES;
				IPHONEOS_DEPLOYMENT_TARGET = 13.6;
				MTL_ENABLE_DEBUG_INFO = NO;
				MTL_FAST_MATH = YES;
				SDKROOT = iphoneos;
				SWIFT_COMPILATION_MODE = wholemodule;
				SWIFT_OPTIMIZATION_LEVEL = "-O";
				VALIDATE_PRODUCT = YES;
			};
			name = Release;
		};
		05CAE9D924F6D452006AC322 /* Debug */ = {
			isa = XCBuildConfiguration;
			buildSettings = {
				ASSETCATALOG_COMPILER_APPICON_NAME = AppIcon;
				CODE_SIGN_STYLE = Automatic;
				DEVELOPMENT_TEAM = 6T23XCV2SG;
				INFOPLIST_FILE = "Traditional Calculator/Info.plist";
				LD_RUNPATH_SEARCH_PATHS = (
					"$(inherited)",
					"@executable_path/Frameworks",
				);
				PRODUCT_BUNDLE_IDENTIFIER = "com.deven.Traditional-Calculator";
				PRODUCT_NAME = "$(TARGET_NAME)";
				SWIFT_VERSION = 5.0;
				TARGETED_DEVICE_FAMILY = "1,2";
			};
			name = Debug;
		};
		05CAE9DA24F6D452006AC322 /* Release */ = {
			isa = XCBuildConfiguration;
			buildSettings = {
				ASSETCATALOG_COMPILER_APPICON_NAME = AppIcon;
				CODE_SIGN_STYLE = Automatic;
				DEVELOPMENT_TEAM = 6T23XCV2SG;
				INFOPLIST_FILE = "Traditional Calculator/Info.plist";
				LD_RUNPATH_SEARCH_PATHS = (
					"$(inherited)",
					"@executable_path/Frameworks",
				);
				PRODUCT_BUNDLE_IDENTIFIER = "com.deven.Traditional-Calculator";
				PRODUCT_NAME = "$(TARGET_NAME)";
				SWIFT_VERSION = 5.0;
				TARGETED_DEVICE_FAMILY = "1,2";
			};
			name = Release;
		};
/* End XCBuildConfiguration section */

/* Begin XCConfigurationList section */
		05CAE9BF24F6D450006AC322 /* Build configuration list for PBXProject "Traditional Calculator" */ = {
			isa = XCConfigurationList;
			buildConfigurations = (
				05CAE9D624F6D452006AC322 /* Debug */,
				05CAE9D724F6D452006AC322 /* Release */,
			);
			defaultConfigurationIsVisible = 0;
			defaultConfigurationName = Release;
		};
		05CAE9D824F6D452006AC322 /* Build configuration list for PBXNativeTarget "Traditional Calculator" */ = {
			isa = XCConfigurationList;
			buildConfigurations = (
				05CAE9D924F6D452006AC322 /* Debug */,
				05CAE9DA24F6D452006AC322 /* Release */,
			);
			defaultConfigurationIsVisible = 0;
			defaultConfigurationName = Release;
		};
/* End XCConfigurationList section */
	};
	rootObject = 05CAE9BC24F6D450006AC322 /* Project object */;
}
